
Microsoft Visual Studio Solution File, Format Version 12.00
# Visual Studio Version 17
VisualStudioVersion = 17.13.35818.85 d17.13
MinimumVisualStudioVersion = 10.0.40219.1
Project("{888888A0-9F3D-457C-B088-3A5042F75D52}") = "Hello_World", "Hello_World.pyproj", "{59748C88-6672-42A4-8182-BA70DD17FB5D}"
EndProject
Global
	GlobalSection(SolutionConfigurationPlatforms) = preSolution
		Debug|Any CPU = Debug|Any CPU
		Release|Any CPU = Release|Any CPU
	EndGlobalSection
	GlobalSection(ProjectConfigurationPlatforms) = postSolution
		{59748C88-6672-42A4-8182-BA70DD17FB5D}.Debug|Any CPU.ActiveCfg = Debug|Any CPU
		{59748C88-6672-42A4-8182-BA70DD17FB5D}.Release|Any CPU.ActiveCfg = Release|Any CPU
	EndGlobalSection
	GlobalSection(SolutionProperties) = preSolution
		HideSolutionNode = FALSE
	EndGlobalSection
	GlobalSection(ExtensibilityGlobals) = postSolution
		SolutionGuid = {19F2426F-F442-4BBE-8FD5-3C1F790FCAD4}
	EndGlobalSection
EndGlobal
